
Microsoft Visual Studio Solution File, Format Version 12.00
# Visual Studio Version 16
VisualStudioVersion = 16.0.30114.105
MinimumVisualStudioVersion = 10.0.40219.1
Project("{9A19103F-16F7-4668-BE54-9A1E7A4F7556}") = "ServerlessCrudCSharp.Frontend", "ServerlessCrudCSharp.Frontend\ServerlessCrudCSharp.Frontend.csproj", "{15393E8B-B384-4C2E-9A95-912DF5F4B059}"
EndProject
Project("{9A19103F-16F7-4668-BE54-9A1E7A4F7556}") = "ServerlessCrudCSharp.Common", "ServerlessCrudCSharp.Frontend\ServerlessCrudCSharp.Common\ServerlessCrudCSharp.Common.csproj", "{8F40D999-32DC-4CE2-B602-F0FAE9021CA0}"
EndProject
Project("{9A19103F-16F7-4668-BE54-9A1E7A4F7556}") = "ServerlessCrudCSharp.Backend", "ServerlessCrudCSharp.Frontend\ServerlessCrudCSharp.Backend\ServerlessCrudCSharp.Backend.csproj", "{A1E607A5-A2A7-40C2-A750-63282038B39D}"
EndProject
Global
	GlobalSection(SolutionConfigurationPlatforms) = preSolution
		Debug|Any CPU = Debug|Any CPU
		Release|Any CPU = Release|Any CPU
	EndGlobalSection
	GlobalSection(ProjectConfigurationPlatforms) = postSolution
		{15393E8B-B384-4C2E-9A95-912DF5F4B059}.Debug|Any CPU.ActiveCfg = Debug|Any CPU
		{15393E8B-B384-4C2E-9A95-912DF5F4B059}.Debug|Any CPU.Build.0 = Debug|Any CPU
		{15393E8B-B384-4C2E-9A95-912DF5F4B059}.Release|Any CPU.ActiveCfg = Release|Any CPU
		{15393E8B-B384-4C2E-9A95-912DF5F4B059}.Release|Any CPU.Build.0 = Release|Any CPU
		{8F40D999-32DC-4CE2-B602-F0FAE9021CA0}.Debug|Any CPU.ActiveCfg = Debug|Any CPU
		{8F40D999-32DC-4CE2-B602-F0FAE9021CA0}.Debug|Any CPU.Build.0 = Debug|Any CPU
		{8F40D999-32DC-4CE2-B602-F0FAE9021CA0}.Release|Any CPU.ActiveCfg = Release|Any CPU
		{8F40D999-32DC-4CE2-B602-F0FAE9021CA0}.Release|Any CPU.Build.0 = Release|Any CPU
		{A1E607A5-A2A7-40C2-A750-63282038B39D}.Debug|Any CPU.ActiveCfg = Debug|Any CPU
		{A1E607A5-A2A7-40C2-A750-63282038B39D}.Debug|Any CPU.Build.0 = Debug|Any CPU
		{A1E607A5-A2A7-40C2-A750-63282038B39D}.Release|Any CPU.ActiveCfg = Release|Any CPU
		{A1E607A5-A2A7-40C2-A750-63282038B39D}.Release|Any CPU.Build.0 = Release|Any CPU
	EndGlobalSection
	GlobalSection(SolutionProperties) = preSolution
		HideSolutionNode = FALSE
	EndGlobalSection
	GlobalSection(ExtensibilityGlobals) = postSolution
		SolutionGuid = {A341292F-9FA0-4FB9-94CE-7341006704A2}
	EndGlobalSection
EndGlobal
