
Microsoft Visual Studio Solution File, Format Version 12.00
# Visual Studio Version 16
VisualStudioVersion = 16.0.30114.105
MinimumVisualStudioVersion = 10.0.40219.1
Project("{9A19103F-16F7-4668-BE54-9A1E7A4F7556}") = "ServerlessCrudCSharp.Frontend", "ServerlessCrudCSharp.Frontend\ServerlessCrudCSharp.Frontend.csproj", "{15393E8B-B384-4C2E-9A95-912DF5F4B059}"
EndProject
Project("{9A19103F-16F7-4668-BE54-9A1E7A4F7556}") = "ServerlessCrudCSharp.Backend", "ServerlessCrudCSharp.Backend\ServerlessCrudCSharp.Backend.csproj", "{18B0BDA1-C114-417A-BE9C-29128057C827}"
EndProject
Project("{9A19103F-16F7-4668-BE54-9A1E7A4F7556}") = "ServerlessCrudCSharp.Common", "ServerlessCrudCSharp.Common\ServerlessCrudCSharp.Common.csproj", "{316BFDCB-FFAD-4732-BD42-32A876284E6F}"
EndProject
Global
	GlobalSection(SolutionConfigurationPlatforms) = preSolution
		Debug|Any CPU = Debug|Any CPU
		Release|Any CPU = Release|Any CPU
	EndGlobalSection
	GlobalSection(ProjectConfigurationPlatforms) = postSolution
		{15393E8B-B384-4C2E-9A95-912DF5F4B059}.Debug|Any CPU.ActiveCfg = Debug|Any CPU
		{15393E8B-B384-4C2E-9A95-912DF5F4B059}.Debug|Any CPU.Build.0 = Debug|Any CPU
		{15393E8B-B384-4C2E-9A95-912DF5F4B059}.Release|Any CPU.ActiveCfg = Release|Any CPU
		{15393E8B-B384-4C2E-9A95-912DF5F4B059}.Release|Any CPU.Build.0 = Release|Any CPU
		{18B0BDA1-C114-417A-BE9C-29128057C827}.Debug|Any CPU.ActiveCfg = Debug|Any CPU
		{18B0BDA1-C114-417A-BE9C-29128057C827}.Debug|Any CPU.Build.0 = Debug|Any CPU
		{18B0BDA1-C114-417A-BE9C-29128057C827}.Release|Any CPU.ActiveCfg = Release|Any CPU
		{18B0BDA1-C114-417A-BE9C-29128057C827}.Release|Any CPU.Build.0 = Release|Any CPU
		{316BFDCB-FFAD-4732-BD42-32A876284E6F}.Debug|Any CPU.ActiveCfg = Debug|Any CPU
		{316BFDCB-FFAD-4732-BD42-32A876284E6F}.Debug|Any CPU.Build.0 = Debug|Any CPU
		{316BFDCB-FFAD-4732-BD42-32A876284E6F}.Release|Any CPU.ActiveCfg = Release|Any CPU
		{316BFDCB-FFAD-4732-BD42-32A876284E6F}.Release|Any CPU.Build.0 = Release|Any CPU
	EndGlobalSection
	GlobalSection(SolutionProperties) = preSolution
		HideSolutionNode = FALSE
	EndGlobalSection
	GlobalSection(ExtensibilityGlobals) = postSolution
		SolutionGuid = {A341292F-9FA0-4FB9-94CE-7341006704A2}
	EndGlobalSection
EndGlobal
